{
  "version": 4,
  "terraform_version": "0.14.7",
  "serial": 187,
  "lineage": "50380e18-7a58-f880-1e3f-f8c82c255b7e",
  "outputs": {},
  "resources": [
    {
      "mode": "managed",
      "type": "aws_internet_gateway",
      "name": "main",
      "provider": "provider[\"registry.terraform.io/hashicorp/aws\"]",
      "instances": [
        {
          "schema_version": 0,
          "attributes": {
            "arn": "arn:aws:ec2:ap-northeast-2:737382971423:internet-gateway/igw-09bb591181a8dfce5",
            "id": "igw-09bb591181a8dfce5",
            "owner_id": "737382971423",
            "tags": {
              "Name": "igw-talent-pool"
            },
            "vpc_id": "vpc-07c540843aeb7a682"
          },
          "sensitive_attributes": []
        }
      ]
    },
    {
      "mode": "managed",
      "type": "aws_vpc",
      "name": "main",
      "provider": "provider[\"registry.terraform.io/hashicorp/aws\"]",
      "instances": [
        {
          "schema_version": 1,
          "attributes": {
            "arn": "arn:aws:ec2:ap-northeast-2:737382971423:vpc/vpc-083519151bcfa46ac",
            "assign_generated_ipv6_cidr_block": false,
            "cidr_block": "10.0.0.0/16",
            "default_network_acl_id": "acl-0c3e90ec7109940a7",
            "default_route_table_id": "rtb-09e227ae600dc1ee8",
            "default_security_group_id": "sg-0423e13402046cc4a",
            "dhcp_options_id": "dopt-7ca0c217",
            "enable_classiclink": null,
            "enable_classiclink_dns_support": null,
            "enable_dns_hostnames": true,
            "enable_dns_support": true,
            "id": "vpc-083519151bcfa46ac",
            "instance_tenancy": "default",
            "ipv6_association_id": "",
            "ipv6_cidr_block": "",
            "main_route_table_id": "rtb-09e227ae600dc1ee8",
            "owner_id": "737382971423",
            "tags": {
              "Name": "vpc-talent-pool"
            }
          },
          "sensitive_attributes": [],
          "private": "eyJzY2hlbWFfdmVyc2lvbiI6IjEifQ=="
        }
      ]
    }
  ]
}
